
Microsoft Visual Studio Solution File, Format Version 12.00
# Visual Studio Version 17
VisualStudioVersion = 17.9.34714.143
MinimumVisualStudioVersion = 10.0.40219.1
Project("{FAE04EC0-301F-11D3-BF4B-00C04F79EFBC}") = "Snake", "Snake.csproj", "{8ADBEDB6-2ADC-4B99-B09B-8047B699A454}"
EndProject
Global
	GlobalSection(SolutionConfigurationPlatforms) = preSolution
		Debug|Any CPU = Debug|Any CPU
		Release|Any CPU = Release|Any CPU
	EndGlobalSection
	GlobalSection(ProjectConfigurationPlatforms) = postSolution
		{8ADBEDB6-2ADC-4B99-B09B-8047B699A454}.Debug|Any CPU.ActiveCfg = Debug|Any CPU
		{8ADBEDB6-2ADC-4B99-B09B-8047B699A454}.Debug|Any CPU.Build.0 = Debug|Any CPU
		{8ADBEDB6-2ADC-4B99-B09B-8047B699A454}.Release|Any CPU.ActiveCfg = Release|Any CPU
		{8ADBEDB6-2ADC-4B99-B09B-8047B699A454}.Release|Any CPU.Build.0 = Release|Any CPU
	EndGlobalSection
	GlobalSection(SolutionProperties) = preSolution
		HideSolutionNode = FALSE
	EndGlobalSection
	GlobalSection(ExtensibilityGlobals) = postSolution
		SolutionGuid = {73384F0F-48A7-4F74-BC0A-4B7239A28D9F}
	EndGlobalSection
EndGlobal
